
Microsoft Visual Studio Solution File, Format Version 12.00
# Visual Studio Version 16
VisualStudioVersion = 16.0.28729.10
MinimumVisualStudioVersion = 10.0.40219.1
Project("{8BC9CEB8-8B4A-11D0-8D11-00A0C91BC942}") = "DialogBox", "DialogBox.vcxproj", "{95966D62-53D2-47D2-8A5C-C09E7F08DE10}"
EndProject
Global
	GlobalSection(SolutionConfigurationPlatforms) = preSolution
		Debug|x64 = Debug|x64
		Debug|x86 = Debug|x86
		Release|x64 = Release|x64
		Release|x86 = Release|x86
	EndGlobalSection
	GlobalSection(ProjectConfigurationPlatforms) = postSolution
		{95966D62-53D2-47D2-8A5C-C09E7F08DE10}.Debug|x64.ActiveCfg = Debug|x64
		{95966D62-53D2-47D2-8A5C-C09E7F08DE10}.Debug|x64.Build.0 = Debug|x64
		{95966D62-53D2-47D2-8A5C-C09E7F08DE10}.Debug|x86.ActiveCfg = Debug|Win32
		{95966D62-53D2-47D2-8A5C-C09E7F08DE10}.Debug|x86.Build.0 = Debug|Win32
		{95966D62-53D2-47D2-8A5C-C09E7F08DE10}.Release|x64.ActiveCfg = Release|x64
		{95966D62-53D2-47D2-8A5C-C09E7F08DE10}.Release|x64.Build.0 = Release|x64
		{95966D62-53D2-47D2-8A5C-C09E7F08DE10}.Release|x86.ActiveCfg = Release|Win32
		{95966D62-53D2-47D2-8A5C-C09E7F08DE10}.Release|x86.Build.0 = Release|Win32
	EndGlobalSection
	GlobalSection(SolutionProperties) = preSolution
		HideSolutionNode = FALSE
	EndGlobalSection
	GlobalSection(ExtensibilityGlobals) = postSolution
		SolutionGuid = {CC2A8558-A063-45FC-8060-C54899AE040C}
	EndGlobalSection
EndGlobal
